
Microsoft Visual Studio Solution File, Format Version 12.00
# Visual Studio Version 17
VisualStudioVersion = 17.4.33213.308
MinimumVisualStudioVersion = 10.0.40219.1
Project("{2150E333-8FDC-42A3-9474-1A3956D46DE8}") = "Solution Items", "Solution Items", "{E1B58B83-F742-4146-A88C-76FA98711FA8}"
	ProjectSection(SolutionItems) = preProject
		Backlog.md = Backlog.md
		README.md = README.md
	EndProjectSection
EndProject
Project("{9A19103F-16F7-4668-BE54-9A1E7A4F7556}") = "TrainTrain.API", "TrainTrain.API\TrainTrain.API.csproj", "{B14F9915-2B86-4A3A-BBC1-7D9CF65B9236}"
EndProject
Project("{FAE04EC0-301F-11D3-BF4B-00C04F79EFBC}") = "TrainTrain", "TrainTrain\TrainTrain.csproj", "{1D2FB4A1-7E1E-427B-9913-805E2B0F0B6C}"
EndProject
Project("{FAE04EC0-301F-11D3-BF4B-00C04F79EFBC}") = "TrainTrain.Tests", "TrainTrain.Tests\TrainTrain.Tests.csproj", "{0824E788-E0EF-48A0-9E6C-7145416C1274}"
EndProject
Global
	GlobalSection(SolutionConfigurationPlatforms) = preSolution
		Debug|Any CPU = Debug|Any CPU
		Release|Any CPU = Release|Any CPU
	EndGlobalSection
	GlobalSection(ProjectConfigurationPlatforms) = postSolution
		{B14F9915-2B86-4A3A-BBC1-7D9CF65B9236}.Debug|Any CPU.ActiveCfg = Debug|Any CPU
		{B14F9915-2B86-4A3A-BBC1-7D9CF65B9236}.Debug|Any CPU.Build.0 = Debug|Any CPU
		{B14F9915-2B86-4A3A-BBC1-7D9CF65B9236}.Release|Any CPU.ActiveCfg = Release|Any CPU
		{B14F9915-2B86-4A3A-BBC1-7D9CF65B9236}.Release|Any CPU.Build.0 = Release|Any CPU
		{1D2FB4A1-7E1E-427B-9913-805E2B0F0B6C}.Debug|Any CPU.ActiveCfg = Debug|Any CPU
		{1D2FB4A1-7E1E-427B-9913-805E2B0F0B6C}.Debug|Any CPU.Build.0 = Debug|Any CPU
		{1D2FB4A1-7E1E-427B-9913-805E2B0F0B6C}.Release|Any CPU.ActiveCfg = Release|Any CPU
		{1D2FB4A1-7E1E-427B-9913-805E2B0F0B6C}.Release|Any CPU.Build.0 = Release|Any CPU
		{0824E788-E0EF-48A0-9E6C-7145416C1274}.Debug|Any CPU.ActiveCfg = Debug|Any CPU
		{0824E788-E0EF-48A0-9E6C-7145416C1274}.Debug|Any CPU.Build.0 = Debug|Any CPU
		{0824E788-E0EF-48A0-9E6C-7145416C1274}.Release|Any CPU.ActiveCfg = Release|Any CPU
		{0824E788-E0EF-48A0-9E6C-7145416C1274}.Release|Any CPU.Build.0 = Release|Any CPU
	EndGlobalSection
	GlobalSection(SolutionProperties) = preSolution
		HideSolutionNode = FALSE
	EndGlobalSection
	GlobalSection(ExtensibilityGlobals) = postSolution
		SolutionGuid = {7CA5A1B0-5CA6-462E-B6FC-3EA30860E565}
	EndGlobalSection
EndGlobal
