
Microsoft Visual Studio Solution File, Format Version 12.00
# Visual Studio Version 17
VisualStudioVersion = 17.4.33213.308
MinimumVisualStudioVersion = 10.0.40219.1
Project("{FAE04EC0-301F-11D3-BF4B-00C04F79EFBC}") = "HassanCehef.TrainDataService.API", "HassanCehef.TrainDataService.API\HassanCehef.TrainDataService.API.csproj", "{090C6D65-B0B0-427A-8869-CCCBC1E81183}"
EndProject
Project("{FAE04EC0-301F-11D3-BF4B-00C04F79EFBC}") = "HassanCehef.BookingReferenceService.API", "HassanCehef.BookingReferenceService.API\HassanCehef.BookingReferenceService.API.csproj", "{E2FC68A3-CCC7-41FE-A208-85060E662F81}"
EndProject
Global
	GlobalSection(SolutionConfigurationPlatforms) = preSolution
		Debug|Any CPU = Debug|Any CPU
		Release|Any CPU = Release|Any CPU
	EndGlobalSection
	GlobalSection(ProjectConfigurationPlatforms) = postSolution
		{090C6D65-B0B0-427A-8869-CCCBC1E81183}.Debug|Any CPU.ActiveCfg = Debug|Any CPU
		{090C6D65-B0B0-427A-8869-CCCBC1E81183}.Debug|Any CPU.Build.0 = Debug|Any CPU
		{090C6D65-B0B0-427A-8869-CCCBC1E81183}.Release|Any CPU.ActiveCfg = Release|Any CPU
		{090C6D65-B0B0-427A-8869-CCCBC1E81183}.Release|Any CPU.Build.0 = Release|Any CPU
		{E2FC68A3-CCC7-41FE-A208-85060E662F81}.Debug|Any CPU.ActiveCfg = Debug|Any CPU
		{E2FC68A3-CCC7-41FE-A208-85060E662F81}.Debug|Any CPU.Build.0 = Debug|Any CPU
		{E2FC68A3-CCC7-41FE-A208-85060E662F81}.Release|Any CPU.ActiveCfg = Release|Any CPU
		{E2FC68A3-CCC7-41FE-A208-85060E662F81}.Release|Any CPU.Build.0 = Release|Any CPU
	EndGlobalSection
	GlobalSection(SolutionProperties) = preSolution
		HideSolutionNode = FALSE
	EndGlobalSection
	GlobalSection(ExtensibilityGlobals) = postSolution
		SolutionGuid = {F16E83BE-7C48-49C3-A374-9ED1A649065F}
	EndGlobalSection
EndGlobal
